// !$*UTF8*$!
{
	archiveVersion = 1;
	classes = {
	};
	objectVersion = 56;
	objects = {

/* Begin PBXBuildFile section */
		53B9F1092ADC84730086BE04 /* Alarm_AppApp.swift in Sources */ = {isa = PBXBuildFile; fileRef = 53B9F1082ADC84730086BE04 /* Alarm_AppApp.swift */; };
		53B9F10B2ADC84730086BE04 /* ContentView.swift in Sources */ = {isa = PBXBuildFile; fileRef = 53B9F10A2ADC84730086BE04 /* ContentView.swift */; };
		53B9F10D2ADC84730086BE04 /* Assets.xcassets in Resources */ = {isa = PBXBuildFile; fileRef = 53B9F10C2ADC84730086BE04 /* Assets.xcassets */; };
		53B9F1112ADC84730086BE04 /* Preview Assets.xcassets in Resources */ = {isa = PBXBuildFile; fileRef = 53B9F1102ADC84730086BE04 /* Preview Assets.xcassets */; };
		53B9F11B2ADC84730086BE04 /* Alarm_AppTests.swift in Sources */ = {isa = PBXBuildFile; fileRef = 53B9F11A2ADC84730086BE04 /* Alarm_AppTests.swift */; };
		53B9F1252ADC84730086BE04 /* Alarm_AppUITests.swift in Sources */ = {isa = PBXBuildFile; fileRef = 53B9F1242ADC84730086BE04 /* Alarm_AppUITests.swift */; };
		53B9F1272ADC84730086BE04 /* Alarm_AppUITestsLaunchTests.swift in Sources */ = {isa = PBXBuildFile; fileRef = 53B9F1262ADC84730086BE04 /* Alarm_AppUITestsLaunchTests.swift */; };
/* End PBXBuildFile section */

/* Begin PBXContainerItemProxy section */
		53B9F1172ADC84730086BE04 /* PBXContainerItemProxy */ = {
			isa = PBXContainerItemProxy;
			containerPortal = 53B9F0FD2ADC84730086BE04 /* Project object */;
			proxyType = 1;
			remoteGlobalIDString = 53B9F1042ADC84730086BE04;
			remoteInfo = "Alarm App";
		};
		53B9F1212ADC84730086BE04 /* PBXContainerItemProxy */ = {
			isa = PBXContainerItemProxy;
			containerPortal = 53B9F0FD2ADC84730086BE04 /* Project object */;
			proxyType = 1;
			remoteGlobalIDString = 53B9F1042ADC84730086BE04;
			remoteInfo = "Alarm App";
		};
/* End PBXContainerItemProxy section */

/* Begin PBXFileReference section */
		53B9F1052ADC84730086BE04 /* Alarm App.app */ = {isa = PBXFileReference; explicitFileType = wrapper.application; includeInIndex = 0; path = "Alarm App.app"; sourceTree = BUILT_PRODUCTS_DIR; };
		53B9F1082ADC84730086BE04 /* Alarm_AppApp.swift */ = {isa = PBXFileReference; lastKnownFileType = sourcecode.swift; path = Alarm_AppApp.swift; sourceTree = "<group>"; };
		53B9F10A2ADC84730086BE04 /* ContentView.swift */ = {isa = PBXFileReference; lastKnownFileType = sourcecode.swift; path = ContentView.swift; sourceTree = "<group>"; };
		53B9F10C2ADC84730086BE04 /* Assets.xcassets */ = {isa = PBXFileReference; lastKnownFileType = folder.assetcatalog; path = Assets.xcassets; sourceTree = "<group>"; };
		53B9F10E2ADC84730086BE04 /* Alarm_App.entitlements */ = {isa = PBXFileReference; lastKnownFileType = text.plist.entitlements; path = Alarm_App.entitlements; sourceTree = "<group>"; };
		53B9F1102ADC84730086BE04 /* Preview Assets.xcassets */ = {isa = PBXFileReference; lastKnownFileType = folder.assetcatalog; path = "Preview Assets.xcassets"; sourceTree = "<group>"; };
		53B9F1162ADC84730086BE04 /* Alarm AppTests.xctest */ = {isa = PBXFileReference; explicitFileType = wrapper.cfbundle; includeInIndex = 0; path = "Alarm AppTests.xctest"; sourceTree = BUILT_PRODUCTS_DIR; };
		53B9F11A2ADC84730086BE04 /* Alarm_AppTests.swift */ = {isa = PBXFileReference; lastKnownFileType = sourcecode.swift; path = Alarm_AppTests.swift; sourceTree = "<group>"; };
		53B9F1202ADC84730086BE04 /* Alarm AppUITests.xctest */ = {isa = PBXFileReference; explicitFileType = wrapper.cfbundle; includeInIndex = 0; path = "Alarm AppUITests.xctest"; sourceTree = BUILT_PRODUCTS_DIR; };
		53B9F1242ADC84730086BE04 /* Alarm_AppUITests.swift */ = {isa = PBXFileReference; lastKnownFileType = sourcecode.swift; path = Alarm_AppUITests.swift; sourceTree = "<group>"; };
		53B9F1262ADC84730086BE04 /* Alarm_AppUITestsLaunchTests.swift */ = {isa = PBXFileReference; lastKnownFileType = sourcecode.swift; path = Alarm_AppUITestsLaunchTests.swift; sourceTree = "<group>"; };
/* End PBXFileReference section */

/* Begin PBXFrameworksBuildPhase section */
		53B9F1022ADC84730086BE04 /* Frameworks */ = {
			isa = PBXFrameworksBuildPhase;
			buildActionMask = 2147483647;
			files = (
			);
			runOnlyForDeploymentPostprocessing = 0;
		};
		53B9F1132ADC84730086BE04 /* Frameworks */ = {
			isa = PBXFrameworksBuildPhase;
			buildActionMask = 2147483647;
			files = (
			);
			runOnlyForDeploymentPostprocessing = 0;
		};
		53B9F11D2ADC84730086BE04 /* Frameworks */ = {
			isa = PBXFrameworksBuildPhase;
			buildActionMask = 2147483647;
			files = (
			);
			runOnlyForDeploymentPostprocessing = 0;
		};
/* End PBXFrameworksBuildPhase section */

/* Begin PBXGroup section */
		53B9F0FC2ADC84730086BE04 = {
			isa = PBXGroup;
			children = (
				53B9F1072ADC84730086BE04 /* Alarm App */,
				53B9F1192ADC84730086BE04 /* Alarm AppTests */,
				53B9F1232ADC84730086BE04 /* Alarm AppUITests */,
				53B9F1062ADC84730086BE04 /* Products */,
			);
			sourceTree = "<group>";
		};
		53B9F1062ADC84730086BE04 /* Products */ = {
			isa = PBXGroup;
			children = (
				53B9F1052ADC84730086BE04 /* Alarm App.app */,
				53B9F1162ADC84730086BE04 /* Alarm AppTests.xctest */,
				53B9F1202ADC84730086BE04 /* Alarm AppUITests.xctest */,
			);
			name = Products;
			sourceTree = "<group>";
		};
		53B9F1072ADC84730086BE04 /* Alarm App */ = {
			isa = PBXGroup;
			children = (
				53B9F1082ADC84730086BE04 /* Alarm_AppApp.swift */,
				53B9F10A2ADC84730086BE04 /* ContentView.swift */,
				53B9F10C2ADC84730086BE04 /* Assets.xcassets */,
				53B9F10E2ADC84730086BE04 /* Alarm_App.entitlements */,
				53B9F10F2ADC84730086BE04 /* Preview Content */,
			);
			path = "Alarm App";
			sourceTree = "<group>";
		};
		53B9F10F2ADC84730086BE04 /* Preview Content */ = {
			isa = PBXGroup;
			children = (
				53B9F1102ADC84730086BE04 /* Preview Assets.xcassets */,
			);
			path = "Preview Content";
			sourceTree = "<group>";
		};
		53B9F1192ADC84730086BE04 /* Alarm AppTests */ = {
			isa = PBXGroup;
			children = (
				53B9F11A2ADC84730086BE04 /* Alarm_AppTests.swift */,
			);
			path = "Alarm AppTests";
			sourceTree = "<group>";
		};
		53B9F1232ADC84730086BE04 /* Alarm AppUITests */ = {
			isa = PBXGroup;
			children = (
				53B9F1242ADC84730086BE04 /* Alarm_AppUITests.swift */,
				53B9F1262ADC84730086BE04 /* Alarm_AppUITestsLaunchTests.swift */,
			);
			path = "Alarm AppUITests";
			sourceTree = "<group>";
		};
/* End PBXGroup section */

/* Begin PBXNativeTarget section */
		53B9F1042ADC84730086BE04 /* Alarm App */ = {
			isa = PBXNativeTarget;
			buildConfigurationList = 53B9F12A2ADC84730086BE04 /* Build configuration list for PBXNativeTarget "Alarm App" */;
			buildPhases = (
				53B9F1012ADC84730086BE04 /* Sources */,
				53B9F1022ADC84730086BE04 /* Frameworks */,
				53B9F1032ADC84730086BE04 /* Resources */,
			);
			buildRules = (
			);
			dependencies = (
			);
			name = "Alarm App";
			productName = "Alarm App";
			productReference = 53B9F1052ADC84730086BE04 /* Alarm App.app */;
			productType = "com.apple.product-type.application";
		};
		53B9F1152ADC84730086BE04 /* Alarm AppTests */ = {
			isa = PBXNativeTarget;
			buildConfigurationList = 53B9F12D2ADC84730086BE04 /* Build configuration list for PBXNativeTarget "Alarm AppTests" */;
			buildPhases = (
				53B9F1122ADC84730086BE04 /* Sources */,
				53B9F1132ADC84730086BE04 /* Frameworks */,
				53B9F1142ADC84730086BE04 /* Resources */,
			);
			buildRules = (
			);
			dependencies = (
				53B9F1182ADC84730086BE04 /* PBXTargetDependency */,
			);
			name = "Alarm AppTests";
			productName = "Alarm AppTests";
			productReference = 53B9F1162ADC84730086BE04 /* Alarm AppTests.xctest */;
			productType = "com.apple.product-type.bundle.unit-test";
		};
		53B9F11F2ADC84730086BE04 /* Alarm AppUITests */ = {
			isa = PBXNativeTarget;
			buildConfigurationList = 53B9F1302ADC84730086BE04 /* Build configuration list for PBXNativeTarget "Alarm AppUITests" */;
			buildPhases = (
				53B9F11C2ADC84730086BE04 /* Sources */,
				53B9F11D2ADC84730086BE04 /* Frameworks */,
				53B9F11E2ADC84730086BE04 /* Resources */,
			);
			buildRules = (
			);
			dependencies = (
				53B9F1222ADC84730086BE04 /* PBXTargetDependency */,
			);
			name = "Alarm AppUITests";
			productName = "Alarm AppUITests";
			productReference = 53B9F1202ADC84730086BE04 /* Alarm AppUITests.xctest */;
			productType = "com.apple.product-type.bundle.ui-testing";
		};
/* End PBXNativeTarget section */

/* Begin PBXProject section */
		53B9F0FD2ADC84730086BE04 /* Project object */ = {
			isa = PBXProject;
			attributes = {
				BuildIndependentTargetsInParallel = 1;
				LastSwiftUpdateCheck = 1500;
				LastUpgradeCheck = 1500;
				TargetAttributes = {
					53B9F1042ADC84730086BE04 = {
						CreatedOnToolsVersion = 15.0;
					};
					53B9F1152ADC84730086BE04 = {
						CreatedOnToolsVersion = 15.0;
						TestTargetID = 53B9F1042ADC84730086BE04;
					};
					53B9F11F2ADC84730086BE04 = {
						CreatedOnToolsVersion = 15.0;
						TestTargetID = 53B9F1042ADC84730086BE04;
					};
				};
			};
			buildConfigurationList = 53B9F1002ADC84730086BE04 /* Build configuration list for PBXProject "Alarm App" */;
			compatibilityVersion = "Xcode 14.0";
			developmentRegion = en;
			hasScannedForEncodings = 0;
			knownRegions = (
				en,
				Base,
			);
			mainGroup = 53B9F0FC2ADC84730086BE04;
			productRefGroup = 53B9F1062ADC84730086BE04 /* Products */;
			projectDirPath = "";
			projectRoot = "";
			targets = (
				53B9F1042ADC84730086BE04 /* Alarm App */,
				53B9F1152ADC84730086BE04 /* Alarm AppTests */,
				53B9F11F2ADC84730086BE04 /* Alarm AppUITests */,
			);
		};
/* End PBXProject section */

/* Begin PBXResourcesBuildPhase section */
		53B9F1032ADC84730086BE04 /* Resources */ = {
			isa = PBXResourcesBuildPhase;
			buildActionMask = 2147483647;
			files = (
				53B9F1112ADC84730086BE04 /* Preview Assets.xcassets in Resources */,
				53B9F10D2ADC84730086BE04 /* Assets.xcassets in Resources */,
			);
			runOnlyForDeploymentPostprocessing = 0;
		};
		53B9F1142ADC84730086BE04 /* Resources */ = {
			isa = PBXResourcesBuildPhase;
			buildActionMask = 2147483647;
			files = (
			);
			runOnlyForDeploymentPostprocessing = 0;
		};
		53B9F11E2ADC84730086BE04 /* Resources */ = {
			isa = PBXResourcesBuildPhase;
			buildActionMask = 2147483647;
			files = (
			);
			runOnlyForDeploymentPostprocessing = 0;
		};
/* End PBXResourcesBuildPhase section */

/* Begin PBXSourcesBuildPhase section */
		53B9F1012ADC84730086BE04 /* Sources */ = {
			isa = PBXSourcesBuildPhase;
			buildActionMask = 2147483647;
			files = (
				53B9F10B2ADC84730086BE04 /* ContentView.swift in Sources */,
				53B9F1092ADC84730086BE04 /* Alarm_AppApp.swift in Sources */,
			);
			runOnlyForDeploymentPostprocessing = 0;
		};
		53B9F1122ADC84730086BE04 /* Sources */ = {
			isa = PBXSourcesBuildPhase;
			buildActionMask = 2147483647;
			files = (
				53B9F11B2ADC84730086BE04 /* Alarm_AppTests.swift in Sources */,
			);
			runOnlyForDeploymentPostprocessing = 0;
		};
		53B9F11C2ADC84730086BE04 /* Sources */ = {
			isa = PBXSourcesBuildPhase;
			buildActionMask = 2147483647;
			files = (
				53B9F1272ADC84730086BE04 /* Alarm_AppUITestsLaunchTests.swift in Sources */,
				53B9F1252ADC84730086BE04 /* Alarm_AppUITests.swift in Sources */,
			);
			runOnlyForDeploymentPostprocessing = 0;
		};
/* End PBXSourcesBuildPhase section */

/* Begin PBXTargetDependency section */
		53B9F1182ADC84730086BE04 /* PBXTargetDependency */ = {
			isa = PBXTargetDependency;
			target = 53B9F1042ADC84730086BE04 /* Alarm App */;
			targetProxy = 53B9F1172ADC84730086BE04 /* PBXContainerItemProxy */;
		};
		53B9F1222ADC84730086BE04 /* PBXTargetDependency */ = {
			isa = PBXTargetDependency;
			target = 53B9F1042ADC84730086BE04 /* Alarm App */;
			targetProxy = 53B9F1212ADC84730086BE04 /* PBXContainerItemProxy */;
		};
/* End PBXTargetDependency section */

/* Begin XCBuildConfiguration section */
		53B9F1282ADC84730086BE04 /* Debug */ = {
			isa = XCBuildConfiguration;
			buildSettings = {
				ALWAYS_SEARCH_USER_PATHS = NO;
				ASSETCATALOG_COMPILER_GENERATE_SWIFT_ASSET_SYMBOL_EXTENSIONS = YES;
				CLANG_ANALYZER_NONNULL = YES;
				CLANG_ANALYZER_NUMBER_OBJECT_CONVERSION = YES_AGGRESSIVE;
				CLANG_CXX_LANGUAGE_STANDARD = "gnu++20";
				CLANG_ENABLE_MODULES = YES;
				CLANG_ENABLE_OBJC_ARC = YES;
				CLANG_ENABLE_OBJC_WEAK = YES;
				CLANG_WARN_BLOCK_CAPTURE_AUTORELEASING = YES;
				CLANG_WARN_BOOL_CONVERSION = YES;
				CLANG_WARN_COMMA = YES;
				CLANG_WARN_CONSTANT_CONVERSION = YES;
				CLANG_WARN_DEPRECATED_OBJC_IMPLEMENTATIONS = YES;
				CLANG_WARN_DIRECT_OBJC_ISA_USAGE = YES_ERROR;
				CLANG_WARN_DOCUMENTATION_COMMENTS = YES;
				CLANG_WARN_EMPTY_BODY = YES;
				CLANG_WARN_ENUM_CONVERSION = YES;
				CLANG_WARN_INFINITE_RECURSION = YES;
				CLANG_WARN_INT_CONVERSION = YES;
				CLANG_WARN_NON_LITERAL_NULL_CONVERSION = YES;
				CLANG_WARN_OBJC_IMPLICIT_RETAIN_SELF = YES;
				CLANG_WARN_OBJC_LITERAL_CONVERSION = YES;
				CLANG_WARN_OBJC_ROOT_CLASS = YES_ERROR;
				CLANG_WARN_QUOTED_INCLUDE_IN_FRAMEWORK_HEADER = YES;
				CLANG_WARN_RANGE_LOOP_ANALYSIS = YES;
				CLANG_WARN_STRICT_PROTOTYPES = YES;
				CLANG_WARN_SUSPICIOUS_MOVE = YES;
				CLANG_WARN_UNGUARDED_AVAILABILITY = YES_AGGRESSIVE;
				CLANG_WARN_UNREACHABLE_CODE = YES;
				CLANG_WARN__DUPLICATE_METHOD_MATCH = YES;
				COPY_PHASE_STRIP = NO;
				DEBUG_INFORMATION_FORMAT = dwarf;
				ENABLE_STRICT_OBJC_MSGSEND = YES;
				ENABLE_TESTABILITY = YES;
				ENABLE_USER_SCRIPT_SANDBOXING = YES;
				GCC_C_LANGUAGE_STANDARD = gnu17;
				GCC_DYNAMIC_NO_PIC = NO;
				GCC_NO_COMMON_BLOCKS = YES;
				GCC_OPTIMIZATION_LEVEL = 0;
				GCC_PREPROCESSOR_DEFINITIONS = (
					"DEBUG=1",
					"$(inherited)",
				);
				GCC_WARN_64_TO_32_BIT_CONVERSION = YES;
				GCC_WARN_ABOUT_RETURN_TYPE = YES_ERROR;
				GCC_WARN_UNDECLARED_SELECTOR = YES;
				GCC_WARN_UNINITIALIZED_AUTOS = YES_AGGRESSIVE;
				GCC_WARN_UNUSED_FUNCTION = YES;
				GCC_WARN_UNUSED_VARIABLE = YES;
				LOCALIZATION_PREFERS_STRING_CATALOGS = YES;
				MTL_ENABLE_DEBUG_INFO = INCLUDE_SOURCE;
				MTL_FAST_MATH = YES;
				ONLY_ACTIVE_ARCH = YES;
				SWIFT_ACTIVE_COMPILATION_CONDITIONS = "DEBUG $(inherited)";
				SWIFT_OPTIMIZATION_LEVEL = "-Onone";
			};
			name = Debug;
		};
		53B9F1292ADC84730086BE04 /* Release */ = {
			isa = XCBuildConfiguration;
			buildSettings = {
				ALWAYS_SEARCH_USER_PATHS = NO;
				ASSETCATALOG_COMPILER_GENERATE_SWIFT_ASSET_SYMBOL_EXTENSIONS = YES;
				CLANG_ANALYZER_NONNULL = YES;
				CLANG_ANALYZER_NUMBER_OBJECT_CONVERSION = YES_AGGRESSIVE;
				CLANG_CXX_LANGUAGE_STANDARD = "gnu++20";
				CLANG_ENABLE_MODULES = YES;
				CLANG_ENABLE_OBJC_ARC = YES;
				CLANG_ENABLE_OBJC_WEAK = YES;
				CLANG_WARN_BLOCK_CAPTURE_AUTORELEASING = YES;
				CLANG_WARN_BOOL_CONVERSION = YES;
				CLANG_WARN_COMMA = YES;
				CLANG_WARN_CONSTANT_CONVERSION = YES;
				CLANG_WARN_DEPRECATED_OBJC_IMPLEMENTATIONS = YES;
				CLANG_WARN_DIRECT_OBJC_ISA_USAGE = YES_ERROR;
				CLANG_WARN_DOCUMENTATION_COMMENTS = YES;
				CLANG_WARN_EMPTY_BODY = YES;
				CLANG_WARN_ENUM_CONVERSION = YES;
				CLANG_WARN_INFINITE_RECURSION = YES;
				CLANG_WARN_INT_CONVERSION = YES;
				CLANG_WARN_NON_LITERAL_NULL_CONVERSION = YES;
				CLANG_WARN_OBJC_IMPLICIT_RETAIN_SELF = YES;
				CLANG_WARN_OBJC_LITERAL_CONVERSION = YES;
				CLANG_WARN_OBJC_ROOT_CLASS = YES_ERROR;
				CLANG_WARN_QUOTED_INCLUDE_IN_FRAMEWORK_HEADER = YES;
				CLANG_WARN_RANGE_LOOP_ANALYSIS = YES;
				CLANG_WARN_STRICT_PROTOTYPES = YES;
				CLANG_WARN_SUSPICIOUS_MOVE = YES;
				CLANG_WARN_UNGUARDED_AVAILABILITY = YES_AGGRESSIVE;
				CLANG_WARN_UNREACHABLE_CODE = YES;
				CLANG_WARN__DUPLICATE_METHOD_MATCH = YES;
				COPY_PHASE_STRIP = NO;
				DEBUG_INFORMATION_FORMAT = "dwarf-with-dsym";
				ENABLE_NS_ASSERTIONS = NO;
				ENABLE_STRICT_OBJC_MSGSEND = YES;
				ENABLE_USER_SCRIPT_SANDBOXING = YES;
				GCC_C_LANGUAGE_STANDARD = gnu17;
				GCC_NO_COMMON_BLOCKS = YES;
				GCC_WARN_64_TO_32_BIT_CONVERSION = YES;
				GCC_WARN_ABOUT_RETURN_TYPE = YES_ERROR;
				GCC_WARN_UNDECLARED_SELECTOR = YES;
				GCC_WARN_UNINITIALIZED_AUTOS = YES_AGGRESSIVE;
				GCC_WARN_UNUSED_FUNCTION = YES;
				GCC_WARN_UNUSED_VARIABLE = YES;
				LOCALIZATION_PREFERS_STRING_CATALOGS = YES;
				MTL_ENABLE_DEBUG_INFO = NO;
				MTL_FAST_MATH = YES;
				SWIFT_COMPILATION_MODE = wholemodule;
			};
			name = Release;
		};
		53B9F12B2ADC84730086BE04 /* Debug */ = {
			isa = XCBuildConfiguration;
			buildSettings = {
				ASSETCATALOG_COMPILER_APPICON_NAME = AppIcon;
				ASSETCATALOG_COMPILER_GLOBAL_ACCENT_COLOR_NAME = AccentColor;
				CODE_SIGN_ENTITLEMENTS = "Alarm App/Alarm_App.entitlements";
				CODE_SIGN_STYLE = Automatic;
				CURRENT_PROJECT_VERSION = 1;
				DEVELOPMENT_ASSET_PATHS = "\"Alarm App/Preview Content\"";
				ENABLE_PREVIEWS = YES;
				GENERATE_INFOPLIST_FILE = YES;
				"INFOPLIST_KEY_UIApplicationSceneManifest_Generation[sdk=iphoneos*]" = YES;
				"INFOPLIST_KEY_UIApplicationSceneManifest_Generation[sdk=iphonesimulator*]" = YES;
				"INFOPLIST_KEY_UIApplicationSupportsIndirectInputEvents[sdk=iphoneos*]" = YES;
				"INFOPLIST_KEY_UIApplicationSupportsIndirectInputEvents[sdk=iphonesimulator*]" = YES;
				"INFOPLIST_KEY_UILaunchScreen_Generation[sdk=iphoneos*]" = YES;
				"INFOPLIST_KEY_UILaunchScreen_Generation[sdk=iphonesimulator*]" = YES;
				"INFOPLIST_KEY_UIStatusBarStyle[sdk=iphoneos*]" = UIStatusBarStyleDefault;
				"INFOPLIST_KEY_UIStatusBarStyle[sdk=iphonesimulator*]" = UIStatusBarStyleDefault;
				INFOPLIST_KEY_UISupportedInterfaceOrientations_iPad = "UIInterfaceOrientationPortrait UIInterfaceOrientationPortraitUpsideDown UIInterfaceOrientationLandscapeLeft UIInterfaceOrientationLandscapeRight";
				INFOPLIST_KEY_UISupportedInterfaceOrientations_iPhone = "UIInterfaceOrientationPortrait UIInterfaceOrientationLandscapeLeft UIInterfaceOrientationLandscapeRight";
				IPHONEOS_DEPLOYMENT_TARGET = 17.0;
				LD_RUNPATH_SEARCH_PATHS = "@executable_path/Frameworks";
				"LD_RUNPATH_SEARCH_PATHS[sdk=macosx*]" = "@executable_path/../Frameworks";
				MACOSX_DEPLOYMENT_TARGET = 14.0;
				MARKETING_VERSION = 1.0;
				PRODUCT_BUNDLE_IDENTIFIER = "com.william.Alarm-App";
				PRODUCT_NAME = "$(TARGET_NAME)";
				SDKROOT = auto;
				SUPPORTED_PLATFORMS = "iphoneos iphonesimulator macosx";
				SWIFT_EMIT_LOC_STRINGS = YES;
				SWIFT_VERSION = 5.0;
				TARGETED_DEVICE_FAMILY = "1,2";
			};
			name = Debug;
		};
		53B9F12C2ADC84730086BE04 /* Release */ = {
			isa = XCBuildConfiguration;
			buildSettings = {
				ASSETCATALOG_COMPILER_APPICON_NAME = AppIcon;
				ASSETCATALOG_COMPILER_GLOBAL_ACCENT_COLOR_NAME = AccentColor;
				CODE_SIGN_ENTITLEMENTS = "Alarm App/Alarm_App.entitlements";
				CODE_SIGN_STYLE = Automatic;
				CURRENT_PROJECT_VERSION = 1;
				DEVELOPMENT_ASSET_PATHS = "\"Alarm App/Preview Content\"";
				ENABLE_PREVIEWS = YES;
				GENERATE_INFOPLIST_FILE = YES;
				"INFOPLIST_KEY_UIApplicationSceneManifest_Generation[sdk=iphoneos*]" = YES;
				"INFOPLIST_KEY_UIApplicationSceneManifest_Generation[sdk=iphonesimulator*]" = YES;
				"INFOPLIST_KEY_UIApplicationSupportsIndirectInputEvents[sdk=iphoneos*]" = YES;
				"INFOPLIST_KEY_UIApplicationSupportsIndirectInputEvents[sdk=iphonesimulator*]" = YES;
				"INFOPLIST_KEY_UILaunchScreen_Generation[sdk=iphoneos*]" = YES;
				"INFOPLIST_KEY_UILaunchScreen_Generation[sdk=iphonesimulator*]" = YES;
				"INFOPLIST_KEY_UIStatusBarStyle[sdk=iphoneos*]" = UIStatusBarStyleDefault;
				"INFOPLIST_KEY_UIStatusBarStyle[sdk=iphonesimulator*]" = UIStatusBarStyleDefault;
				INFOPLIST_KEY_UISupportedInterfaceOrientations_iPad = "UIInterfaceOrientationPortrait UIInterfaceOrientationPortraitUpsideDown UIInterfaceOrientationLandscapeLeft UIInterfaceOrientationLandscapeRight";
				INFOPLIST_KEY_UISupportedInterfaceOrientations_iPhone = "UIInterfaceOrientationPortrait UIInterfaceOrientationLandscapeLeft UIInterfaceOrientationLandscapeRight";
				IPHONEOS_DEPLOYMENT_TARGET = 17.0;
				LD_RUNPATH_SEARCH_PATHS = "@executable_path/Frameworks";
				"LD_RUNPATH_SEARCH_PATHS[sdk=macosx*]" = "@executable_path/../Frameworks";
				MACOSX_DEPLOYMENT_TARGET = 14.0;
				MARKETING_VERSION = 1.0;
				PRODUCT_BUNDLE_IDENTIFIER = "com.william.Alarm-App";
				PRODUCT_NAME = "$(TARGET_NAME)";
				SDKROOT = auto;
				SUPPORTED_PLATFORMS = "iphoneos iphonesimulator macosx";
				SWIFT_EMIT_LOC_STRINGS = YES;
				SWIFT_VERSION = 5.0;
				TARGETED_DEVICE_FAMILY = "1,2";
			};
			name = Release;
		};
		53B9F12E2ADC84730086BE04 /* Debug */ = {
			isa = XCBuildConfiguration;
			buildSettings = {
				ALWAYS_EMBED_SWIFT_STANDARD_LIBRARIES = YES;
				BUNDLE_LOADER = "$(TEST_HOST)";
				CODE_SIGN_STYLE = Automatic;
				CURRENT_PROJECT_VERSION = 1;
				GENERATE_INFOPLIST_FILE = YES;
				IPHONEOS_DEPLOYMENT_TARGET = 17.0;
				MACOSX_DEPLOYMENT_TARGET = 14.0;
				MARKETING_VERSION = 1.0;
				PRODUCT_BUNDLE_IDENTIFIER = "com.william.Alarm-AppTests";
				PRODUCT_NAME = "$(TARGET_NAME)";
				SDKROOT = auto;
				SUPPORTED_PLATFORMS = "iphoneos iphonesimulator macosx";
				SWIFT_EMIT_LOC_STRINGS = NO;
				SWIFT_VERSION = 5.0;
				TARGETED_DEVICE_FAMILY = "1,2";
				TEST_HOST = "$(BUILT_PRODUCTS_DIR)/Alarm App.app/$(BUNDLE_EXECUTABLE_FOLDER_PATH)/Alarm App";
			};
			name = Debug;
		};
		53B9F12F2ADC84730086BE04 /* Release */ = {
			isa = XCBuildConfiguration;
			buildSettings = {
				ALWAYS_EMBED_SWIFT_STANDARD_LIBRARIES = YES;
				BUNDLE_LOADER = "$(TEST_HOST)";
				CODE_SIGN_STYLE = Automatic;
				CURRENT_PROJECT_VERSION = 1;
				GENERATE_INFOPLIST_FILE = YES;
				IPHONEOS_DEPLOYMENT_TARGET = 17.0;
				MACOSX_DEPLOYMENT_TARGET = 14.0;
				MARKETING_VERSION = 1.0;
				PRODUCT_BUNDLE_IDENTIFIER = "com.william.Alarm-AppTests";
				PRODUCT_NAME = "$(TARGET_NAME)";
				SDKROOT = auto;
				SUPPORTED_PLATFORMS = "iphoneos iphonesimulator macosx";
				SWIFT_EMIT_LOC_STRINGS = NO;
				SWIFT_VERSION = 5.0;
				TARGETED_DEVICE_FAMILY = "1,2";
				TEST_HOST = "$(BUILT_PRODUCTS_DIR)/Alarm App.app/$(BUNDLE_EXECUTABLE_FOLDER_PATH)/Alarm App";
			};
			name = Release;
		};
		53B9F1312ADC84730086BE04 /* Debug */ = {
			isa = XCBuildConfiguration;
			buildSettings = {
				ALWAYS_EMBED_SWIFT_STANDARD_LIBRARIES = YES;
				CODE_SIGN_STYLE = Automatic;
				CURRENT_PROJECT_VERSION = 1;
				GENERATE_INFOPLIST_FILE = YES;
				IPHONEOS_DEPLOYMENT_TARGET = 17.0;
				MACOSX_DEPLOYMENT_TARGET = 14.0;
				MARKETING_VERSION = 1.0;
				PRODUCT_BUNDLE_IDENTIFIER = "com.william.Alarm-AppUITests";
				PRODUCT_NAME = "$(TARGET_NAME)";
				SDKROOT = auto;
				SUPPORTED_PLATFORMS = "iphoneos iphonesimulator macosx";
				SWIFT_EMIT_LOC_STRINGS = NO;
				SWIFT_VERSION = 5.0;
				TARGETED_DEVICE_FAMILY = "1,2";
				TEST_TARGET_NAME = "Alarm App";
			};
			name = Debug;
		};
		53B9F1322ADC84730086BE04 /* Release */ = {
			isa = XCBuildConfiguration;
			buildSettings = {
				ALWAYS_EMBED_SWIFT_STANDARD_LIBRARIES = YES;
				CODE_SIGN_STYLE = Automatic;
				CURRENT_PROJECT_VERSION = 1;
				GENERATE_INFOPLIST_FILE = YES;
				IPHONEOS_DEPLOYMENT_TARGET = 17.0;
				MACOSX_DEPLOYMENT_TARGET = 14.0;
				MARKETING_VERSION = 1.0;
				PRODUCT_BUNDLE_IDENTIFIER = "com.william.Alarm-AppUITests";
				PRODUCT_NAME = "$(TARGET_NAME)";
				SDKROOT = auto;
				SUPPORTED_PLATFORMS = "iphoneos iphonesimulator macosx";
				SWIFT_EMIT_LOC_STRINGS = NO;
				SWIFT_VERSION = 5.0;
				TARGETED_DEVICE_FAMILY = "1,2";
				TEST_TARGET_NAME = "Alarm App";
			};
			name = Release;
		};
/* End XCBuildConfiguration section */

/* Begin XCConfigurationList section */
		53B9F1002ADC84730086BE04 /* Build configuration list for PBXProject "Alarm App" */ = {
			isa = XCConfigurationList;
			buildConfigurations = (
				53B9F1282ADC84730086BE04 /* Debug */,
				53B9F1292ADC84730086BE04 /* Release */,
			);
			defaultConfigurationIsVisible = 0;
			defaultConfigurationName = Release;
		};
		53B9F12A2ADC84730086BE04 /* Build configuration list for PBXNativeTarget "Alarm App" */ = {
			isa = XCConfigurationList;
			buildConfigurations = (
				53B9F12B2ADC84730086BE04 /* Debug */,
				53B9F12C2ADC84730086BE04 /* Release */,
			);
			defaultConfigurationIsVisible = 0;
			defaultConfigurationName = Release;
		};
		53B9F12D2ADC84730086BE04 /* Build configuration list for PBXNativeTarget "Alarm AppTests" */ = {
			isa = XCConfigurationList;
			buildConfigurations = (
				53B9F12E2ADC84730086BE04 /* Debug */,
				53B9F12F2ADC84730086BE04 /* Release */,
			);
			defaultConfigurationIsVisible = 0;
			defaultConfigurationName = Release;
		};
		53B9F1302ADC84730086BE04 /* Build configuration list for PBXNativeTarget "Alarm AppUITests" */ = {
			isa = XCConfigurationList;
			buildConfigurations = (
				53B9F1312ADC84730086BE04 /* Debug */,
				53B9F1322ADC84730086BE04 /* Release */,
			);
			defaultConfigurationIsVisible = 0;
			defaultConfigurationName = Release;
		};
/* End XCConfigurationList section */
	};
	rootObject = 53B9F0FD2ADC84730086BE04 /* Project object */;
}
